// !$*UTF8*$!
{
	archiveVersion = 1;
	classes = {
	};
	objectVersion = 46;
	objects = {

/* Begin PBXBuildFile section */
		D4C1FCD01CE12F57004DF9B9 /* AppDelegate.swift in Sources */ = {isa = PBXBuildFile; fileRef = D4C1FCCF1CE12F57004DF9B9 /* AppDelegate.swift */; };
		D4C1FCD21CE12F57004DF9B9 /* RootViewController.swift in Sources */ = {isa = PBXBuildFile; fileRef = D4C1FCD11CE12F57004DF9B9 /* RootViewController.swift */; };
		D4C1FCD41CE12F57004DF9B9 /* DataViewController.swift in Sources */ = {isa = PBXBuildFile; fileRef = D4C1FCD31CE12F57004DF9B9 /* DataViewController.swift */; };
		D4C1FCD61CE12F57004DF9B9 /* ModelController.swift in Sources */ = {isa = PBXBuildFile; fileRef = D4C1FCD51CE12F57004DF9B9 /* ModelController.swift */; };
		D4C1FCD91CE12F57004DF9B9 /* Main.storyboard in Resources */ = {isa = PBXBuildFile; fileRef = D4C1FCD71CE12F57004DF9B9 /* Main.storyboard */; };
		D4C1FCDB1CE12F57004DF9B9 /* Assets.xcassets in Resources */ = {isa = PBXBuildFile; fileRef = D4C1FCDA1CE12F57004DF9B9 /* Assets.xcassets */; };
		D4C1FCDE1CE12F57004DF9B9 /* LaunchScreen.storyboard in Resources */ = {isa = PBXBuildFile; fileRef = D4C1FCDC1CE12F57004DF9B9 /* LaunchScreen.storyboard */; };
		D4C1FCE91CE12F57004DF9B9 /* ChlkbrdTests.swift in Sources */ = {isa = PBXBuildFile; fileRef = D4C1FCE81CE12F57004DF9B9 /* ChlkbrdTests.swift */; };
		D4C1FCF41CE12F57004DF9B9 /* ChlkbrdUITests.swift in Sources */ = {isa = PBXBuildFile; fileRef = D4C1FCF31CE12F57004DF9B9 /* ChlkbrdUITests.swift */; };
/* End PBXBuildFile section */

/* Begin PBXContainerItemProxy section */
		D4C1FCE51CE12F57004DF9B9 /* PBXContainerItemProxy */ = {
			isa = PBXContainerItemProxy;
			containerPortal = D4C1FCC41CE12F56004DF9B9 /* Project object */;
			proxyType = 1;
			remoteGlobalIDString = D4C1FCCB1CE12F56004DF9B9;
			remoteInfo = Chlkbrd;
		};
		D4C1FCF01CE12F57004DF9B9 /* PBXContainerItemProxy */ = {
			isa = PBXContainerItemProxy;
			containerPortal = D4C1FCC41CE12F56004DF9B9 /* Project object */;
			proxyType = 1;
			remoteGlobalIDString = D4C1FCCB1CE12F56004DF9B9;
			remoteInfo = Chlkbrd;
		};
/* End PBXContainerItemProxy section */

/* Begin PBXFileReference section */
		D4C1FCCC1CE12F57004DF9B9 /* Chlkbrd.app */ = {isa = PBXFileReference; explicitFileType = wrapper.application; includeInIndex = 0; path = Chlkbrd.app; sourceTree = BUILT_PRODUCTS_DIR; };
		D4C1FCCF1CE12F57004DF9B9 /* AppDelegate.swift */ = {isa = PBXFileReference; lastKnownFileType = sourcecode.swift; path = AppDelegate.swift; sourceTree = "<group>"; };
		D4C1FCD11CE12F57004DF9B9 /* RootViewController.swift */ = {isa = PBXFileReference; lastKnownFileType = sourcecode.swift; path = RootViewController.swift; sourceTree = "<group>"; };
		D4C1FCD31CE12F57004DF9B9 /* DataViewController.swift */ = {isa = PBXFileReference; lastKnownFileType = sourcecode.swift; path = DataViewController.swift; sourceTree = "<group>"; };
		D4C1FCD51CE12F57004DF9B9 /* ModelController.swift */ = {isa = PBXFileReference; lastKnownFileType = sourcecode.swift; path = ModelController.swift; sourceTree = "<group>"; };
		D4C1FCD81CE12F57004DF9B9 /* Base */ = {isa = PBXFileReference; lastKnownFileType = file.storyboard; name = Base; path = Base.lproj/Main.storyboard; sourceTree = "<group>"; };
		D4C1FCDA1CE12F57004DF9B9 /* Assets.xcassets */ = {isa = PBXFileReference; lastKnownFileType = folder.assetcatalog; path = Assets.xcassets; sourceTree = "<group>"; };
		D4C1FCDD1CE12F57004DF9B9 /* Base */ = {isa = PBXFileReference; lastKnownFileType = file.storyboard; name = Base; path = Base.lproj/LaunchScreen.storyboard; sourceTree = "<group>"; };
		D4C1FCDF1CE12F57004DF9B9 /* Info.plist */ = {isa = PBXFileReference; lastKnownFileType = text.plist.xml; path = Info.plist; sourceTree = "<group>"; };
		D4C1FCE41CE12F57004DF9B9 /* ChlkbrdTests.xctest */ = {isa = PBXFileReference; explicitFileType = wrapper.cfbundle; includeInIndex = 0; path = ChlkbrdTests.xctest; sourceTree = BUILT_PRODUCTS_DIR; };
		D4C1FCE81CE12F57004DF9B9 /* ChlkbrdTests.swift */ = {isa = PBXFileReference; lastKnownFileType = sourcecode.swift; path = ChlkbrdTests.swift; sourceTree = "<group>"; };
		D4C1FCEA1CE12F57004DF9B9 /* Info.plist */ = {isa = PBXFileReference; lastKnownFileType = text.plist.xml; path = Info.plist; sourceTree = "<group>"; };
		D4C1FCEF1CE12F57004DF9B9 /* ChlkbrdUITests.xctest */ = {isa = PBXFileReference; explicitFileType = wrapper.cfbundle; includeInIndex = 0; path = ChlkbrdUITests.xctest; sourceTree = BUILT_PRODUCTS_DIR; };
		D4C1FCF31CE12F57004DF9B9 /* ChlkbrdUITests.swift */ = {isa = PBXFileReference; lastKnownFileType = sourcecode.swift; path = ChlkbrdUITests.swift; sourceTree = "<group>"; };
		D4C1FCF51CE12F57004DF9B9 /* Info.plist */ = {isa = PBXFileReference; lastKnownFileType = text.plist.xml; path = Info.plist; sourceTree = "<group>"; };
/* End PBXFileReference section */

/* Begin PBXFrameworksBuildPhase section */
		D4C1FCC91CE12F56004DF9B9 /* Frameworks */ = {
			isa = PBXFrameworksBuildPhase;
			buildActionMask = 2147483647;
			files = (
			);
			runOnlyForDeploymentPostprocessing = 0;
		};
		D4C1FCE11CE12F57004DF9B9 /* Frameworks */ = {
			isa = PBXFrameworksBuildPhase;
			buildActionMask = 2147483647;
			files = (
			);
			runOnlyForDeploymentPostprocessing = 0;
		};
		D4C1FCEC1CE12F57004DF9B9 /* Frameworks */ = {
			isa = PBXFrameworksBuildPhase;
			buildActionMask = 2147483647;
			files = (
			);
			runOnlyForDeploymentPostprocessing = 0;
		};
/* End PBXFrameworksBuildPhase section */

/* Begin PBXGroup section */
		D4C1FCC31CE12F56004DF9B9 = {
			isa = PBXGroup;
			children = (
				D4C1FCCE1CE12F57004DF9B9 /* Chlkbrd */,
				D4C1FCE71CE12F57004DF9B9 /* ChlkbrdTests */,
				D4C1FCF21CE12F57004DF9B9 /* ChlkbrdUITests */,
				D4C1FCCD1CE12F57004DF9B9 /* Products */,
			);
			sourceTree = "<group>";
		};
		D4C1FCCD1CE12F57004DF9B9 /* Products */ = {
			isa = PBXGroup;
			children = (
				D4C1FCCC1CE12F57004DF9B9 /* Chlkbrd.app */,
				D4C1FCE41CE12F57004DF9B9 /* ChlkbrdTests.xctest */,
				D4C1FCEF1CE12F57004DF9B9 /* ChlkbrdUITests.xctest */,
			);
			name = Products;
			sourceTree = "<group>";
		};
		D4C1FCCE1CE12F57004DF9B9 /* Chlkbrd */ = {
			isa = PBXGroup;
			children = (
				D4C1FCCF1CE12F57004DF9B9 /* AppDelegate.swift */,
				D4C1FCD11CE12F57004DF9B9 /* RootViewController.swift */,
				D4C1FCD31CE12F57004DF9B9 /* DataViewController.swift */,
				D4C1FCD51CE12F57004DF9B9 /* ModelController.swift */,
				D4C1FCD71CE12F57004DF9B9 /* Main.storyboard */,
				D4C1FCDA1CE12F57004DF9B9 /* Assets.xcassets */,
				D4C1FCDC1CE12F57004DF9B9 /* LaunchScreen.storyboard */,
				D4C1FCDF1CE12F57004DF9B9 /* Info.plist */,
			);
			path = Chlkbrd;
			sourceTree = "<group>";
		};
		D4C1FCE71CE12F57004DF9B9 /* ChlkbrdTests */ = {
			isa = PBXGroup;
			children = (
				D4C1FCE81CE12F57004DF9B9 /* ChlkbrdTests.swift */,
				D4C1FCEA1CE12F57004DF9B9 /* Info.plist */,
			);
			path = ChlkbrdTests;
			sourceTree = "<group>";
		};
		D4C1FCF21CE12F57004DF9B9 /* ChlkbrdUITests */ = {
			isa = PBXGroup;
			children = (
				D4C1FCF31CE12F57004DF9B9 /* ChlkbrdUITests.swift */,
				D4C1FCF51CE12F57004DF9B9 /* Info.plist */,
			);
			path = ChlkbrdUITests;
			sourceTree = "<group>";
		};
/* End PBXGroup section */

/* Begin PBXNativeTarget section */
		D4C1FCCB1CE12F56004DF9B9 /* Chlkbrd */ = {
			isa = PBXNativeTarget;
			buildConfigurationList = D4C1FCF81CE12F57004DF9B9 /* Build configuration list for PBXNativeTarget "Chlkbrd" */;
			buildPhases = (
				D4C1FCC81CE12F56004DF9B9 /* Sources */,
				D4C1FCC91CE12F56004DF9B9 /* Frameworks */,
				D4C1FCCA1CE12F56004DF9B9 /* Resources */,
			);
			buildRules = (
			);
			dependencies = (
			);
			name = Chlkbrd;
			productName = Chlkbrd;
			productReference = D4C1FCCC1CE12F57004DF9B9 /* Chlkbrd.app */;
			productType = "com.apple.product-type.application";
		};
		D4C1FCE31CE12F57004DF9B9 /* ChlkbrdTests */ = {
			isa = PBXNativeTarget;
			buildConfigurationList = D4C1FCFB1CE12F57004DF9B9 /* Build configuration list for PBXNativeTarget "ChlkbrdTests" */;
			buildPhases = (
				D4C1FCE01CE12F57004DF9B9 /* Sources */,
				D4C1FCE11CE12F57004DF9B9 /* Frameworks */,
				D4C1FCE21CE12F57004DF9B9 /* Resources */,
			);
			buildRules = (
			);
			dependencies = (
				D4C1FCE61CE12F57004DF9B9 /* PBXTargetDependency */,
			);
			name = ChlkbrdTests;
			productName = ChlkbrdTests;
			productReference = D4C1FCE41CE12F57004DF9B9 /* ChlkbrdTests.xctest */;
			productType = "com.apple.product-type.bundle.unit-test";
		};
		D4C1FCEE1CE12F57004DF9B9 /* ChlkbrdUITests */ = {
			isa = PBXNativeTarget;
			buildConfigurationList = D4C1FCFE1CE12F57004DF9B9 /* Build configuration list for PBXNativeTarget "ChlkbrdUITests" */;
			buildPhases = (
				D4C1FCEB1CE12F57004DF9B9 /* Sources */,
				D4C1FCEC1CE12F57004DF9B9 /* Frameworks */,
				D4C1FCED1CE12F57004DF9B9 /* Resources */,
			);
			buildRules = (
			);
			dependencies = (
				D4C1FCF11CE12F57004DF9B9 /* PBXTargetDependency */,
			);
			name = ChlkbrdUITests;
			productName = ChlkbrdUITests;
			productReference = D4C1FCEF1CE12F57004DF9B9 /* ChlkbrdUITests.xctest */;
			productType = "com.apple.product-type.bundle.ui-testing";
		};
/* End PBXNativeTarget section */

/* Begin PBXProject section */
		D4C1FCC41CE12F56004DF9B9 /* Project object */ = {
			isa = PBXProject;
			attributes = {
				LastSwiftUpdateCheck = 0730;
				LastUpgradeCheck = 0730;
				ORGANIZATIONNAME = Slowlytyped;
				TargetAttributes = {
					D4C1FCCB1CE12F56004DF9B9 = {
						CreatedOnToolsVersion = 7.3.1;
					};
					D4C1FCE31CE12F57004DF9B9 = {
						CreatedOnToolsVersion = 7.3.1;
						TestTargetID = D4C1FCCB1CE12F56004DF9B9;
					};
					D4C1FCEE1CE12F57004DF9B9 = {
						CreatedOnToolsVersion = 7.3.1;
						TestTargetID = D4C1FCCB1CE12F56004DF9B9;
					};
				};
			};
			buildConfigurationList = D4C1FCC71CE12F56004DF9B9 /* Build configuration list for PBXProject "Chlkbrd" */;
			compatibilityVersion = "Xcode 3.2";
			developmentRegion = English;
			hasScannedForEncodings = 0;
			knownRegions = (
				en,
				Base,
			);
			mainGroup = D4C1FCC31CE12F56004DF9B9;
			productRefGroup = D4C1FCCD1CE12F57004DF9B9 /* Products */;
			projectDirPath = "";
			projectRoot = "";
			targets = (
				D4C1FCCB1CE12F56004DF9B9 /* Chlkbrd */,
				D4C1FCE31CE12F57004DF9B9 /* ChlkbrdTests */,
				D4C1FCEE1CE12F57004DF9B9 /* ChlkbrdUITests */,
			);
		};
/* End PBXProject section */

/* Begin PBXResourcesBuildPhase section */
		D4C1FCCA1CE12F56004DF9B9 /* Resources */ = {
			isa = PBXResourcesBuildPhase;
			buildActionMask = 2147483647;
			files = (
				D4C1FCDE1CE12F57004DF9B9 /* LaunchScreen.storyboard in Resources */,
				D4C1FCDB1CE12F57004DF9B9 /* Assets.xcassets in Resources */,
				D4C1FCD91CE12F57004DF9B9 /* Main.storyboard in Resources */,
			);
			runOnlyForDeploymentPostprocessing = 0;
		};
		D4C1FCE21CE12F57004DF9B9 /* Resources */ = {
			isa = PBXResourcesBuildPhase;
			buildActionMask = 2147483647;
			files = (
			);
			runOnlyForDeploymentPostprocessing = 0;
		};
		D4C1FCED1CE12F57004DF9B9 /* Resources */ = {
			isa = PBXResourcesBuildPhase;
			buildActionMask = 2147483647;
			files = (
			);
			runOnlyForDeploymentPostprocessing = 0;
		};
/* End PBXResourcesBuildPhase section */

/* Begin PBXSourcesBuildPhase section */
		D4C1FCC81CE12F56004DF9B9 /* Sources */ = {
			isa = PBXSourcesBuildPhase;
			buildActionMask = 2147483647;
			files = (
				D4C1FCD21CE12F57004DF9B9 /* RootViewController.swift in Sources */,
				D4C1FCD61CE12F57004DF9B9 /* ModelController.swift in Sources */,
				D4C1FCD41CE12F57004DF9B9 /* DataViewController.swift in Sources */,
				D4C1FCD01CE12F57004DF9B9 /* AppDelegate.swift in Sources */,
			);
			runOnlyForDeploymentPostprocessing = 0;
		};
		D4C1FCE01CE12F57004DF9B9 /* Sources */ = {
			isa = PBXSourcesBuildPhase;
			buildActionMask = 2147483647;
			files = (
				D4C1FCE91CE12F57004DF9B9 /* ChlkbrdTests.swift in Sources */,
			);
			runOnlyForDeploymentPostprocessing = 0;
		};
		D4C1FCEB1CE12F57004DF9B9 /* Sources */ = {
			isa = PBXSourcesBuildPhase;
			buildActionMask = 2147483647;
			files = (
				D4C1FCF41CE12F57004DF9B9 /* ChlkbrdUITests.swift in Sources */,
			);
			runOnlyForDeploymentPostprocessing = 0;
		};
/* End PBXSourcesBuildPhase section */

/* Begin PBXTargetDependency section */
		D4C1FCE61CE12F57004DF9B9 /* PBXTargetDependency */ = {
			isa = PBXTargetDependency;
			target = D4C1FCCB1CE12F56004DF9B9 /* Chlkbrd */;
			targetProxy = D4C1FCE51CE12F57004DF9B9 /* PBXContainerItemProxy */;
		};
		D4C1FCF11CE12F57004DF9B9 /* PBXTargetDependency */ = {
			isa = PBXTargetDependency;
			target = D4C1FCCB1CE12F56004DF9B9 /* Chlkbrd */;
			targetProxy = D4C1FCF01CE12F57004DF9B9 /* PBXContainerItemProxy */;
		};
/* End PBXTargetDependency section */

/* Begin PBXVariantGroup section */
		D4C1FCD71CE12F57004DF9B9 /* Main.storyboard */ = {
			isa = PBXVariantGroup;
			children = (
				D4C1FCD81CE12F57004DF9B9 /* Base */,
			);
			name = Main.storyboard;
			sourceTree = "<group>";
		};
		D4C1FCDC1CE12F57004DF9B9 /* LaunchScreen.storyboard */ = {
			isa = PBXVariantGroup;
			children = (
				D4C1FCDD1CE12F57004DF9B9 /* Base */,
			);
			name = LaunchScreen.storyboard;
			sourceTree = "<group>";
		};
/* End PBXVariantGroup section */

/* Begin XCBuildConfiguration section */
		D4C1FCF61CE12F57004DF9B9 /* Debug */ = {
			isa = XCBuildConfiguration;
			buildSettings = {
				ALWAYS_SEARCH_USER_PATHS = NO;
				CLANG_ANALYZER_NONNULL = YES;
				CLANG_CXX_LANGUAGE_STANDARD = "gnu++0x";
				CLANG_CXX_LIBRARY = "libc++";
				CLANG_ENABLE_MODULES = YES;
				CLANG_ENABLE_OBJC_ARC = YES;
				CLANG_WARN_BOOL_CONVERSION = YES;
				CLANG_WARN_CONSTANT_CONVERSION = YES;
				CLANG_WARN_DIRECT_OBJC_ISA_USAGE = YES_ERROR;
				CLANG_WARN_EMPTY_BODY = YES;
				CLANG_WARN_ENUM_CONVERSION = YES;
				CLANG_WARN_INT_CONVERSION = YES;
				CLANG_WARN_OBJC_ROOT_CLASS = YES_ERROR;
				CLANG_WARN_UNREACHABLE_CODE = YES;
				CLANG_WARN__DUPLICATE_METHOD_MATCH = YES;
				"CODE_SIGN_IDENTITY[sdk=iphoneos*]" = "iPhone Developer";
				COPY_PHASE_STRIP = NO;
				DEBUG_INFORMATION_FORMAT = dwarf;
				ENABLE_STRICT_OBJC_MSGSEND = YES;
				ENABLE_TESTABILITY = YES;
				GCC_C_LANGUAGE_STANDARD = gnu99;
				GCC_DYNAMIC_NO_PIC = NO;
				GCC_NO_COMMON_BLOCKS = YES;
				GCC_OPTIMIZATION_LEVEL = 0;
				GCC_PREPROCESSOR_DEFINITIONS = (
					"DEBUG=1",
					"$(inherited)",
				);
				GCC_WARN_64_TO_32_BIT_CONVERSION = YES;
				GCC_WARN_ABOUT_RETURN_TYPE = YES_ERROR;
				GCC_WARN_UNDECLARED_SELECTOR = YES;
				GCC_WARN_UNINITIALIZED_AUTOS = YES_AGGRESSIVE;
				GCC_WARN_UNUSED_FUNCTION = YES;
				GCC_WARN_UNUSED_VARIABLE = YES;
				IPHONEOS_DEPLOYMENT_TARGET = 9.3;
				MTL_ENABLE_DEBUG_INFO = YES;
				ONLY_ACTIVE_ARCH = YES;
				SDKROOT = iphoneos;
				SWIFT_OPTIMIZATION_LEVEL = "-Onone";
			};
			name = Debug;
		};
		D4C1FCF71CE12F57004DF9B9 /* Release */ = {
			isa = XCBuildConfiguration;
			buildSettings = {
				ALWAYS_SEARCH_USER_PATHS = NO;
				CLANG_ANALYZER_NONNULL = YES;
				CLANG_CXX_LANGUAGE_STANDARD = "gnu++0x";
				CLANG_CXX_LIBRARY = "libc++";
				CLANG_ENABLE_MODULES = YES;
				CLANG_ENABLE_OBJC_ARC = YES;
				CLANG_WARN_BOOL_CONVERSION = YES;
				CLANG_WARN_CONSTANT_CONVERSION = YES;
				CLANG_WARN_DIRECT_OBJC_ISA_USAGE = YES_ERROR;
				CLANG_WARN_EMPTY_BODY = YES;
				CLANG_WARN_ENUM_CONVERSION = YES;
				CLANG_WARN_INT_CONVERSION = YES;
				CLANG_WARN_OBJC_ROOT_CLASS = YES_ERROR;
				CLANG_WARN_UNREACHABLE_CODE = YES;
				CLANG_WARN__DUPLICATE_METHOD_MATCH = YES;
				"CODE_SIGN_IDENTITY[sdk=iphoneos*]" = "iPhone Developer";
				COPY_PHASE_STRIP = NO;
				DEBUG_INFORMATION_FORMAT = "dwarf-with-dsym";
				ENABLE_NS_ASSERTIONS = NO;
				ENABLE_STRICT_OBJC_MSGSEND = YES;
				GCC_C_LANGUAGE_STANDARD = gnu99;
				GCC_NO_COMMON_BLOCKS = YES;
				GCC_WARN_64_TO_32_BIT_CONVERSION = YES;
				GCC_WARN_ABOUT_RETURN_TYPE = YES_ERROR;
				GCC_WARN_UNDECLARED_SELECTOR = YES;
				GCC_WARN_UNINITIALIZED_AUTOS = YES_AGGRESSIVE;
				GCC_WARN_UNUSED_FUNCTION = YES;
				GCC_WARN_UNUSED_VARIABLE = YES;
				IPHONEOS_DEPLOYMENT_TARGET = 9.3;
				MTL_ENABLE_DEBUG_INFO = NO;
				SDKROOT = iphoneos;
				VALIDATE_PRODUCT = YES;
			};
			name = Release;
		};
		D4C1FCF91CE12F57004DF9B9 /* Debug */ = {
			isa = XCBuildConfiguration;
			buildSettings = {
				ASSETCATALOG_COMPILER_APPICON_NAME = AppIcon;
				INFOPLIST_FILE = Chlkbrd/Info.plist;
				LD_RUNPATH_SEARCH_PATHS = "$(inherited) @executable_path/Frameworks";
				PRODUCT_BUNDLE_IDENTIFIER = slowlytyped.Chlkbrd;
				PRODUCT_NAME = "$(TARGET_NAME)";
			};
			name = Debug;
		};
		D4C1FCFA1CE12F57004DF9B9 /* Release */ = {
			isa = XCBuildConfiguration;
			buildSettings = {
				ASSETCATALOG_COMPILER_APPICON_NAME = AppIcon;
				INFOPLIST_FILE = Chlkbrd/Info.plist;
				LD_RUNPATH_SEARCH_PATHS = "$(inherited) @executable_path/Frameworks";
				PRODUCT_BUNDLE_IDENTIFIER = slowlytyped.Chlkbrd;
				PRODUCT_NAME = "$(TARGET_NAME)";
			};
			name = Release;
		};
		D4C1FCFC1CE12F57004DF9B9 /* Debug */ = {
			isa = XCBuildConfiguration;
			buildSettings = {
				BUNDLE_LOADER = "$(TEST_HOST)";
				INFOPLIST_FILE = ChlkbrdTests/Info.plist;
				LD_RUNPATH_SEARCH_PATHS = "$(inherited) @executable_path/Frameworks @loader_path/Frameworks";
				PRODUCT_BUNDLE_IDENTIFIER = slowlytyped.ChlkbrdTests;
				PRODUCT_NAME = "$(TARGET_NAME)";
				TEST_HOST = "$(BUILT_PRODUCTS_DIR)/Chlkbrd.app/Chlkbrd";
			};
			name = Debug;
		};
		D4C1FCFD1CE12F57004DF9B9 /* Release */ = {
			isa = XCBuildConfiguration;
			buildSettings = {
				BUNDLE_LOADER = "$(TEST_HOST)";
				INFOPLIST_FILE = ChlkbrdTests/Info.plist;
				LD_RUNPATH_SEARCH_PATHS = "$(inherited) @executable_path/Frameworks @loader_path/Frameworks";
				PRODUCT_BUNDLE_IDENTIFIER = slowlytyped.ChlkbrdTests;
				PRODUCT_NAME = "$(TARGET_NAME)";
				TEST_HOST = "$(BUILT_PRODUCTS_DIR)/Chlkbrd.app/Chlkbrd";
			};
			name = Release;
		};
		D4C1FCFF1CE12F57004DF9B9 /* Debug */ = {
			isa = XCBuildConfiguration;
			buildSettings = {
				INFOPLIST_FILE = ChlkbrdUITests/Info.plist;
				LD_RUNPATH_SEARCH_PATHS = "$(inherited) @executable_path/Frameworks @loader_path/Frameworks";
				PRODUCT_BUNDLE_IDENTIFIER = slowlytyped.ChlkbrdUITests;
				PRODUCT_NAME = "$(TARGET_NAME)";
				TEST_TARGET_NAME = Chlkbrd;
			};
			name = Debug;
		};
		D4C1FD001CE12F57004DF9B9 /* Release */ = {
			isa = XCBuildConfiguration;
			buildSettings = {
				INFOPLIST_FILE = ChlkbrdUITests/Info.plist;
				LD_RUNPATH_SEARCH_PATHS = "$(inherited) @executable_path/Frameworks @loader_path/Frameworks";
				PRODUCT_BUNDLE_IDENTIFIER = slowlytyped.ChlkbrdUITests;
				PRODUCT_NAME = "$(TARGET_NAME)";
				TEST_TARGET_NAME = Chlkbrd;
			};
			name = Release;
		};
/* End XCBuildConfiguration section */

/* Begin XCConfigurationList section */
		D4C1FCC71CE12F56004DF9B9 /* Build configuration list for PBXProject "Chlkbrd" */ = {
			isa = XCConfigurationList;
			buildConfigurations = (
				D4C1FCF61CE12F57004DF9B9 /* Debug */,
				D4C1FCF71CE12F57004DF9B9 /* Release */,
			);
			defaultConfigurationIsVisible = 0;
			defaultConfigurationName = Release;
		};
		D4C1FCF81CE12F57004DF9B9 /* Build configuration list for PBXNativeTarget "Chlkbrd" */ = {
			isa = XCConfigurationList;
			buildConfigurations = (
				D4C1FCF91CE12F57004DF9B9 /* Debug */,
				D4C1FCFA1CE12F57004DF9B9 /* Release */,
			);
			defaultConfigurationIsVisible = 0;
		};
		D4C1FCFB1CE12F57004DF9B9 /* Build configuration list for PBXNativeTarget "ChlkbrdTests" */ = {
			isa = XCConfigurationList;
			buildConfigurations = (
				D4C1FCFC1CE12F57004DF9B9 /* Debug */,
				D4C1FCFD1CE12F57004DF9B9 /* Release */,
			);
			defaultConfigurationIsVisible = 0;
		};
		D4C1FCFE1CE12F57004DF9B9 /* Build configuration list for PBXNativeTarget "ChlkbrdUITests" */ = {
			isa = XCConfigurationList;
			buildConfigurations = (
				D4C1FCFF1CE12F57004DF9B9 /* Debug */,
				D4C1FD001CE12F57004DF9B9 /* Release */,
			);
			defaultConfigurationIsVisible = 0;
		};
/* End XCConfigurationList section */
	};
	rootObject = D4C1FCC41CE12F56004DF9B9 /* Project object */;
}
